
Microsoft Visual Studio Solution File, Format Version 12.00
# Visual Studio 2012
Project("{FAE04EC0-301F-11D3-BF4B-00C04F79EFBC}") = "PromptPayQrCode", "PromptPayQrCode\PromptPayQrCode.csproj", "{71F7597B-D2D6-4B97-8BD7-163BFC470C0A}"
EndProject
Project("{FAE04EC0-301F-11D3-BF4B-00C04F79EFBC}") = "PromptPayQrCode.Test", "PromptPayQrCode.Test\PromptPayQrCode.Test.csproj", "{178A052D-DAC8-4524-9362-C21E8CC95CA6}"
EndProject
Global
	GlobalSection(SolutionConfigurationPlatforms) = preSolution
		Debug|Any CPU = Debug|Any CPU
		Release|Any CPU = Release|Any CPU
	EndGlobalSection
	GlobalSection(ProjectConfigurationPlatforms) = postSolution
		{71F7597B-D2D6-4B97-8BD7-163BFC470C0A}.Debug|Any CPU.ActiveCfg = Debug|Any CPU
		{71F7597B-D2D6-4B97-8BD7-163BFC470C0A}.Debug|Any CPU.Build.0 = Debug|Any CPU
		{71F7597B-D2D6-4B97-8BD7-163BFC470C0A}.Release|Any CPU.ActiveCfg = Release|Any CPU
		{71F7597B-D2D6-4B97-8BD7-163BFC470C0A}.Release|Any CPU.Build.0 = Release|Any CPU
		{178A052D-DAC8-4524-9362-C21E8CC95CA6}.Debug|Any CPU.ActiveCfg = Debug|Any CPU
		{178A052D-DAC8-4524-9362-C21E8CC95CA6}.Debug|Any CPU.Build.0 = Debug|Any CPU
		{178A052D-DAC8-4524-9362-C21E8CC95CA6}.Release|Any CPU.ActiveCfg = Release|Any CPU
		{178A052D-DAC8-4524-9362-C21E8CC95CA6}.Release|Any CPU.Build.0 = Release|Any CPU
	EndGlobalSection
EndGlobal
